
Microsoft Visual Studio Solution File, Format Version 12.00
# Visual Studio Version 17
VisualStudioVersion = 17.13.35825.156 d17.13
MinimumVisualStudioVersion = 10.0.40219.1
Project("{FAE04EC0-301F-11D3-BF4B-00C04F79EFBC}") = "GitHello", "GitHello.csproj", "{4ECC0D6E-AF1A-4187-83AA-1957BE5F0223}"
EndProject
Global
	GlobalSection(SolutionConfigurationPlatforms) = preSolution
		Debug|Any CPU = Debug|Any CPU
		Release|Any CPU = Release|Any CPU
	EndGlobalSection
	GlobalSection(ProjectConfigurationPlatforms) = postSolution
		{4ECC0D6E-AF1A-4187-83AA-1957BE5F0223}.Debug|Any CPU.ActiveCfg = Debug|Any CPU
		{4ECC0D6E-AF1A-4187-83AA-1957BE5F0223}.Debug|Any CPU.Build.0 = Debug|Any CPU
		{4ECC0D6E-AF1A-4187-83AA-1957BE5F0223}.Release|Any CPU.ActiveCfg = Release|Any CPU
		{4ECC0D6E-AF1A-4187-83AA-1957BE5F0223}.Release|Any CPU.Build.0 = Release|Any CPU
	EndGlobalSection
	GlobalSection(SolutionProperties) = preSolution
		HideSolutionNode = FALSE
	EndGlobalSection
	GlobalSection(ExtensibilityGlobals) = postSolution
		SolutionGuid = {34364C18-F209-43D3-8434-E63AE0B8E9D3}
	EndGlobalSection
EndGlobal
